PODS:
  - FSCalendar (2.7.1)
  - KRProgressHUD (1.7.0)
  - Realm (2.0.3):
    - Realm/Headers (= 2.0.3)
  - Realm/Headers (2.0.3)
  - RealmSwift (2.0.3):
    - Realm (= 2.0.3)

DEPENDENCIES:
  - FSCalendar
  - KRProgressHUD
  - Realm (from `https://github.com/realm/realm-cocoa.git`)
  - RealmSwift (from `https://github.com/realm/realm-cocoa.git`)

EXTERNAL SOURCES:
  Realm:
    :git: https://github.com/realm/realm-cocoa.git
    :submodules: true
  RealmSwift:
    :git: https://github.com/realm/realm-cocoa.git
    :submodules: true

CHECKOUT OPTIONS:
  Realm:
    :commit: eb4c36f2b7e287f82bb1ca67602fff20ac030a1a
    :git: https://github.com/realm/realm-cocoa.git
    :submodules: true
  RealmSwift:
    :commit: eb4c36f2b7e287f82bb1ca67602fff20ac030a1a
    :git: https://github.com/realm/realm-cocoa.git
    :submodules: true

SPEC CHECKSUMS:
  FSCalendar: cfc95384cb0d648ad7c1957649ea74d6c26bb0de
  KRProgressHUD: eb23a52e98069190660e33167e870cf2d80a435f
  Realm: 5f008bfe3c8c47142eddfc30b8c1584cde22db24
  RealmSwift: 79a9bc83e7ef4fbde17e0f303c5fadb99264a6be

PODFILE CHECKSUM: f20ba55bb9d0f82651ea446294e195fcbdf8b44d

COCOAPODS: 1.2.0
