// !$*UTF8*$!
{
	archiveVersion = 1;
	classes = {
	};
	objectVersion = 46;
	objects = {

/* Begin PBXBuildFile section */
		79043BC61DCB692B00A7B131 /* LoginViewController.swift in Sources */ = {isa = PBXBuildFile; fileRef = 79043BC51DCB692B00A7B131 /* LoginViewController.swift */; };
		790E838C1DCF117800D7D714 /* PrefUtil.swift in Sources */ = {isa = PBXBuildFile; fileRef = 790E838B1DCF117800D7D714 /* PrefUtil.swift */; };
		7918EFE61ECBDE66001FE9BD /* ScheduleContainsItem.swift in Sources */ = {isa = PBXBuildFile; fileRef = 7918EFE51ECBDE66001FE9BD /* ScheduleContainsItem.swift */; };
		791DE0551DD169DD00FEB18A /* HttpBase.swift in Sources */ = {isa = PBXBuildFile; fileRef = 791DE0541DD169DD00FEB18A /* HttpBase.swift */; };
		791DE0591DD172E200FEB18A /* RequestURL.swift in Sources */ = {isa = PBXBuildFile; fileRef = 791DE0581DD172E200FEB18A /* RequestURL.swift */; };
		7924B03B1DEB211F00D43894 /* DetailTimeViewController.swift in Sources */ = {isa = PBXBuildFile; fileRef = 7924B03A1DEB211F00D43894 /* DetailTimeViewController.swift */; };
		7924B03D1DEB380300D43894 /* SelectColor+UItableViewCell.swift in Sources */ = {isa = PBXBuildFile; fileRef = 7924B03C1DEB380300D43894 /* SelectColor+UItableViewCell.swift */; };
		79292D561DC5FA8300F15299 /* DiagUtil.swift in Sources */ = {isa = PBXBuildFile; fileRef = 79292D551DC5FA8300F15299 /* DiagUtil.swift */; };
		794F66701D96B7C300C1D9B6 /* AppDelegate.swift in Sources */ = {isa = PBXBuildFile; fileRef = 794F666F1D96B7C300C1D9B6 /* AppDelegate.swift */; };
		794F66721D96B7C300C1D9B6 /* ViewController.swift in Sources */ = {isa = PBXBuildFile; fileRef = 794F66711D96B7C300C1D9B6 /* ViewController.swift */; };
		794F66751D96B7C300C1D9B6 /* Main.storyboard in Resources */ = {isa = PBXBuildFile; fileRef = 794F66731D96B7C300C1D9B6 /* Main.storyboard */; };
		794F66781D96B7C300C1D9B6 /* EccStudentCom.xcdatamodeld in Sources */ = {isa = PBXBuildFile; fileRef = 794F66761D96B7C300C1D9B6 /* EccStudentCom.xcdatamodeld */; };
		794F667A1D96B7C300C1D9B6 /* Assets.xcassets in Resources */ = {isa = PBXBuildFile; fileRef = 794F66791D96B7C300C1D9B6 /* Assets.xcassets */; };
		794F667D1D96B7C300C1D9B6 /* LaunchScreen.storyboard in Resources */ = {isa = PBXBuildFile; fileRef = 794F667B1D96B7C300C1D9B6 /* LaunchScreen.storyboard */; };
		794F66871D96B8C900C1D9B6 /* GetValuesBase.swift in Sources */ = {isa = PBXBuildFile; fileRef = 794F66851D96B8C900C1D9B6 /* GetValuesBase.swift */; };
		794F66891D96BB8B00C1D9B6 /* AttendanceRateItem.swift in Sources */ = {isa = PBXBuildFile; fileRef = 794F66881D96BB8B00C1D9B6 /* AttendanceRateItem.swift */; };
		794F668B1D96D5BA00C1D9B6 /* TableViewController.swift in Sources */ = {isa = PBXBuildFile; fileRef = 794F668A1D96D5BA00C1D9B6 /* TableViewController.swift */; };
		794F668D1D96D8BA00C1D9B6 /* CustomTableCell.swift in Sources */ = {isa = PBXBuildFile; fileRef = 794F668C1D96D8BA00C1D9B6 /* CustomTableCell.swift */; };
		7951A6581DD2FA560075ACC8 /* RequestBody.swift in Sources */ = {isa = PBXBuildFile; fileRef = 7951A6571DD2FA560075ACC8 /* RequestBody.swift */; };
		7951A65E1DD3426C0075ACC8 /* HttpConnector.swift in Sources */ = {isa = PBXBuildFile; fileRef = 7951A65D1DD3426C0075ACC8 /* HttpConnector.swift */; };
		7951A6601DD344F10075ACC8 /* HttpHelper.swift in Sources */ = {isa = PBXBuildFile; fileRef = 7951A65F1DD344F10075ACC8 /* HttpHelper.swift */; };
		795D41CC1DC9840900F9407E /* Settings-50.png in Resources */ = {isa = PBXBuildFile; fileRef = 795D41CB1DC9840900F9407E /* Settings-50.png */; };
		796729441DFE3F5100F8E491 /* default512.png in Resources */ = {isa = PBXBuildFile; fileRef = 796729431DFE3F5100F8E491 /* default512.png */; };
		7970A8931E3AFD2200F6706D /* email-7.png in Resources */ = {isa = PBXBuildFile; fileRef = 7970A8921E3AFD2200F6706D /* email-7.png */; };
		797FC4791E5D171E0065B89E /* calendar-7.png in Resources */ = {isa = PBXBuildFile; fileRef = 797FC4781E5D171E0065B89E /* calendar-7.png */; };
		79838BB81DC8A8BB005C51BE /* CustomTimeTableCellTue.swift in Sources */ = {isa = PBXBuildFile; fileRef = 79838BB71DC8A8BB005C51BE /* CustomTimeTableCellTue.swift */; };
		79838BBA1DC8A8C9005C51BE /* CustomTimeTableCellWed.swift in Sources */ = {isa = PBXBuildFile; fileRef = 79838BB91DC8A8C9005C51BE /* CustomTimeTableCellWed.swift */; };
		79838BBC1DC8A8D7005C51BE /* CustomTimeTableCellThur.swift in Sources */ = {isa = PBXBuildFile; fileRef = 79838BBB1DC8A8D7005C51BE /* CustomTimeTableCellThur.swift */; };
		79838BBE1DC8A8E3005C51BE /* CustomTimeTableCellFri.swift in Sources */ = {isa = PBXBuildFile; fileRef = 79838BBD1DC8A8E3005C51BE /* CustomTimeTableCellFri.swift */; };
		798C078E1DCD8E0B00929F17 /* CallBackClass.swift in Sources */ = {isa = PBXBuildFile; fileRef = 798C078D1DCD8E0B00929F17 /* CallBackClass.swift */; };
		798C07901DCE138200929F17 /* CALayer+RuntimeAttribute.swift in Sources */ = {isa = PBXBuildFile; fileRef = 798C078F1DCE138200929F17 /* CALayer+RuntimeAttribute.swift */; };
		798FF07D1EBE0D5800FF1F11 /* EscApiManager.swift in Sources */ = {isa = PBXBuildFile; fileRef = 798FF07C1EBE0D5800FF1F11 /* EscApiManager.swift */; };
		798FF0831EC002BE00FF1F11 /* TimeTableCell.xib in Resources */ = {isa = PBXBuildFile; fileRef = 798FF0821EC002BE00FF1F11 /* TimeTableCell.xib */; };
		798FF0871EC0095900FF1F11 /* TimeTableViewCell.swift in Sources */ = {isa = PBXBuildFile; fileRef = 798FF0861EC0095900FF1F11 /* TimeTableViewCell.swift */; };
		7997BED31EC83BEC00AFBD91 /* EscApiConst.swift in Sources */ = {isa = PBXBuildFile; fileRef = 7997BED21EC83BEC00AFBD91 /* EscApiConst.swift */; };
		799F60151DC5B80100C95A68 /* TimeTableViewController.swift in Sources */ = {isa = PBXBuildFile; fileRef = 799F60141DC5B80100C95A68 /* TimeTableViewController.swift */; };
		799F60191DC5BF7700C95A68 /* square-individual-nine-7.png in Resources */ = {isa = PBXBuildFile; fileRef = 799F60181DC5BF7700C95A68 /* square-individual-nine-7.png */; };
		799F601B1DC5BF8200C95A68 /* text-align-justify-7.png in Resources */ = {isa = PBXBuildFile; fileRef = 799F601A1DC5BF8200C95A68 /* text-align-justify-7.png */; };
		79B074011D98B55600F62F15 /* SystemConfiguration.framework in Frameworks */ = {isa = PBXBuildFile; fileRef = 79B074001D98B55600F62F15 /* SystemConfiguration.framework */; };
		79B5855A1EBBEA62005B4E1A /* EscRequest.swift in Sources */ = {isa = PBXBuildFile; fileRef = 79B585591EBBEA62005B4E1A /* EscRequest.swift */; };
		79B5855C1EBBEA75005B4E1A /* TimeTableRequest.swift in Sources */ = {isa = PBXBuildFile; fileRef = 79B5855B1EBBEA75005B4E1A /* TimeTableRequest.swift */; };
		79B5855E1EBBECEC005B4E1A /* NewsRequest.swift in Sources */ = {isa = PBXBuildFile; fileRef = 79B5855D1EBBECEC005B4E1A /* NewsRequest.swift */; };
		79B585601EBBECFD005B4E1A /* ScheduleRequest.swift in Sources */ = {isa = PBXBuildFile; fileRef = 79B5855F1EBBECFD005B4E1A /* ScheduleRequest.swift */; };
		79B585621EBCD771005B4E1A /* TokenRequest.swift in Sources */ = {isa = PBXBuildFile; fileRef = 79B585611EBCD771005B4E1A /* TokenRequest.swift */; };
		79B585681EBCDE49005B4E1A /* Token.swift in Sources */ = {isa = PBXBuildFile; fileRef = 79B585671EBCDE49005B4E1A /* Token.swift */; };
		79B5856A1EBCE019005B4E1A /* RootTimeTable.swift in Sources */ = {isa = PBXBuildFile; fileRef = 79B585691EBCE019005B4E1A /* RootTimeTable.swift */; };
		79B5856C1EBCE02D005B4E1A /* TeacherTimeTable.swift in Sources */ = {isa = PBXBuildFile; fileRef = 79B5856B1EBCE02D005B4E1A /* TeacherTimeTable.swift */; };
		79B5856E1EBCE03C005B4E1A /* TimeTable.swift in Sources */ = {isa = PBXBuildFile; fileRef = 79B5856D1EBCE03C005B4E1A /* TimeTable.swift */; };
		79B585721EBDCE67005B4E1A /* NewsArray.swift in Sources */ = {isa = PBXBuildFile; fileRef = 79B585711EBDCE67005B4E1A /* NewsArray.swift */; };
		79B585741EBDCE74005B4E1A /* NewsCourse.swift in Sources */ = {isa = PBXBuildFile; fileRef = 79B585731EBDCE74005B4E1A /* NewsCourse.swift */; };
		79B585761EBDCE80005B4E1A /* NewsDetail.swift in Sources */ = {isa = PBXBuildFile; fileRef = 79B585751EBDCE80005B4E1A /* NewsDetail.swift */; };
		79B585781EBDCE8E005B4E1A /* NewsDetailRoot.swift in Sources */ = {isa = PBXBuildFile; fileRef = 79B585771EBDCE8E005B4E1A /* NewsDetailRoot.swift */; };
		79B5857A1EBDCE9D005B4E1A /* NewsFile.swift in Sources */ = {isa = PBXBuildFile; fileRef = 79B585791EBDCE9D005B4E1A /* NewsFile.swift */; };
		79B5857C1EBDCEB1005B4E1A /* NewsItem.swift in Sources */ = {isa = PBXBuildFile; fileRef = 79B5857B1EBDCEB1005B4E1A /* NewsItem.swift */; };
		79B5857E1EBDF078005B4E1A /* NewsDetailRequest.swift in Sources */ = {isa = PBXBuildFile; fileRef = 79B5857D1EBDF078005B4E1A /* NewsDetailRequest.swift */; };
		79B585801EBDF195005B4E1A /* ScheduleRoot.swift in Sources */ = {isa = PBXBuildFile; fileRef = 79B5857F1EBDF195005B4E1A /* ScheduleRoot.swift */; };
		79B585821EBDF1A6005B4E1A /* ScheduleItem.swift in Sources */ = {isa = PBXBuildFile; fileRef = 79B585811EBDF1A6005B4E1A /* ScheduleItem.swift */; };
		79B585841EBDF1C6005B4E1A /* ScheduleCategory.swift in Sources */ = {isa = PBXBuildFile; fileRef = 79B585831EBDF1C6005B4E1A /* ScheduleCategory.swift */; };
		79B9DD921DC62600009153B6 /* TimeTableItem.swift in Sources */ = {isa = PBXBuildFile; fileRef = 79B9DD911DC62600009153B6 /* TimeTableItem.swift */; };
		79B9DD971DC79561009153B6 /* CustomTimeTableCellMon.swift in Sources */ = {isa = PBXBuildFile; fileRef = 79B9DD961DC79561009153B6 /* CustomTimeTableCellMon.swift */; };
		79BB5B6A1ECC980D002CC9CE /* ScheduleAccessor.swift in Sources */ = {isa = PBXBuildFile; fileRef = 79BB5B691ECC980D002CC9CE /* ScheduleAccessor.swift */; };
		79BB5B6C1ECDDCE3002CC9CE /* BottomSheetView.xib in Resources */ = {isa = PBXBuildFile; fileRef = 79BB5B6B1ECDDCE3002CC9CE /* BottomSheetView.xib */; };
		79BB5B6E1ECDEB75002CC9CE /* BottomSheetView.swift in Sources */ = {isa = PBXBuildFile; fileRef = 79BB5B6D1ECDEB75002CC9CE /* BottomSheetView.swift */; };
		79C447CB1EC317D6007DF16F /* AccessorProtcol.swift in Sources */ = {isa = PBXBuildFile; fileRef = 79C447CA1EC317D6007DF16F /* AccessorProtcol.swift */; };
		79C447CD1EC3187F007DF16F /* AccessorBase.swift in Sources */ = {isa = PBXBuildFile; fileRef = 79C447CC1EC3187F007DF16F /* AccessorBase.swift */; };
		79C447CF1EC31919007DF16F /* TimeTableAccessor.swift in Sources */ = {isa = PBXBuildFile; fileRef = 79C447CE1EC31919007DF16F /* TimeTableAccessor.swift */; };
		79C447D11EC5374F007DF16F /* Util.swift in Sources */ = {isa = PBXBuildFile; fileRef = 79C447D01EC5374F007DF16F /* Util.swift */; };
		79C447D31EC61C88007DF16F /* AttendanceRateAccessor.swift in Sources */ = {isa = PBXBuildFile; fileRef = 79C447D21EC61C88007DF16F /* AttendanceRateAccessor.swift */; };
		79C447D51EC62A13007DF16F /* CommonNewsItem.swift in Sources */ = {isa = PBXBuildFile; fileRef = 79C447D41EC62A13007DF16F /* CommonNewsItem.swift */; };
		79C447D71EC62AA2007DF16F /* SchoolNewsAccessor.swift in Sources */ = {isa = PBXBuildFile; fileRef = 79C447D61EC62AA2007DF16F /* SchoolNewsAccessor.swift */; };
		79C447D91EC62AB0007DF16F /* TaninNewsAccessor.swift in Sources */ = {isa = PBXBuildFile; fileRef = 79C447D81EC62AB0007DF16F /* TaninNewsAccessor.swift */; };
		79E095F41D984AC200A5248D /* iocn ver1.6.0.png in Resources */ = {isa = PBXBuildFile; fileRef = 79E095F31D984AC200A5248D /* iocn ver1.6.0.png */; };
		79F1FB371DC985C9007B7386 /* gear-7.png in Resources */ = {isa = PBXBuildFile; fileRef = 79F1FB361DC985C9007B7386 /* gear-7.png */; };
		79F1FB391DC99400007B7386 /* PreferenceController.swift in Sources */ = {isa = PBXBuildFile; fileRef = 79F1FB381DC99400007B7386 /* PreferenceController.swift */; };
		79F1FB3B1DCA3ADC007B7386 /* ChangeTimeTableViewController.swift in Sources */ = {isa = PBXBuildFile; fileRef = 79F1FB3A1DCA3ADC007B7386 /* ChangeTimeTableViewController.swift */; };
		79F1FB3D1DCA3AF6007B7386 /* AboutViewController.swift in Sources */ = {isa = PBXBuildFile; fileRef = 79F1FB3C1DCA3AF6007B7386 /* AboutViewController.swift */; };
		79F1FB3F1DCA3B14007B7386 /* LisenceViewController.swift in Sources */ = {isa = PBXBuildFile; fileRef = 79F1FB3E1DCA3B14007B7386 /* LisenceViewController.swift */; };
		79F1FB411DCA3E6D007B7386 /* about_html.html in Resources */ = {isa = PBXBuildFile; fileRef = 79F1FB401DCA3E6D007B7386 /* about_html.html */; };
		79F1FB431DCA3E75007B7386 /* ecclogo-dark2.png in Resources */ = {isa = PBXBuildFile; fileRef = 79F1FB421DCA3E75007B7386 /* ecclogo-dark2.png */; };
		79F573791DCC460500E62898 /* lisence.html in Resources */ = {isa = PBXBuildFile; fileRef = 79F573781DCC460500E62898 /* lisence.html */; };
		79F5737B1DCCDFCC00E62898 /* BaseTabViewController.swift in Sources */ = {isa = PBXBuildFile; fileRef = 79F5737A1DCCDFCC00E62898 /* BaseTabViewController.swift */; };
		79F573801DCCFDB700E62898 /* Settings.bundle in Resources */ = {isa = PBXBuildFile; fileRef = 79F5737F1DCCFDB700E62898 /* Settings.bundle */; };
		79F93E9F1EC0C486009247AE /* TimeTableView1.xib in Resources */ = {isa = PBXBuildFile; fileRef = 79F93E9E1EC0C486009247AE /* TimeTableView1.xib */; };
		79F93EA11EC0C525009247AE /* TimeTableView1.swift in Sources */ = {isa = PBXBuildFile; fileRef = 79F93EA01EC0C525009247AE /* TimeTableView1.swift */; };
		B89F627E1EACE9B0F0F0928B /* Pods_EccStudentCom.framework in Frameworks */ = {isa = PBXBuildFile; fileRef = D7FB22523774E900B1499140 /* Pods_EccStudentCom.framework */; };
		D605986A1EC9EE3400BBB22E /* ToastView.swift in Sources */ = {isa = PBXBuildFile; fileRef = D60598691EC9EE3400BBB22E /* ToastView.swift */; };
		D632069A1E54BDA00004E359 /* SchoolNewsItem.swift in Sources */ = {isa = PBXBuildFile; fileRef = D63206991E54BDA00004E359 /* SchoolNewsItem.swift */; };
		D632069C1E56597A0004E359 /* NewsParentViewController.swift in Sources */ = {isa = PBXBuildFile; fileRef = D632069B1E56597A0004E359 /* NewsParentViewController.swift */; };
		D64601281E5885D80034323F /* TaninNewsItem.swift in Sources */ = {isa = PBXBuildFile; fileRef = D64601271E5885D80034323F /* TaninNewsItem.swift */; };
		D646012A1E589BCF0034323F /* NewsTitleCell.swift in Sources */ = {isa = PBXBuildFile; fileRef = D64601291E589BCF0034323F /* NewsTitleCell.swift */; };
		D646012C1E589BD90034323F /* NewsItemCell.swift in Sources */ = {isa = PBXBuildFile; fileRef = D646012B1E589BD90034323F /* NewsItemCell.swift */; };
		D646012E1E5915A70034323F /* NewsDetailViewController.swift in Sources */ = {isa = PBXBuildFile; fileRef = D646012D1E5915A70034323F /* NewsDetailViewController.swift */; };
		D6E8885D1E7FF6730089FE5E /* CalendarViewController.swift in Sources */ = {isa = PBXBuildFile; fileRef = D6E8885C1E7FF6730089FE5E /* CalendarViewController.swift */; };
/* End PBXBuildFile section */

/* Begin PBXFileReference section */
		2A3CB32D41BD487A1C83DE20 /* Pods-EccStudentCom.release.xcconfig */ = {isa = PBXFileReference; includeInIndex = 1; lastKnownFileType = text.xcconfig; name = "Pods-EccStudentCom.release.xcconfig"; path = "Pods/Target Support Files/Pods-EccStudentCom/Pods-EccStudentCom.release.xcconfig"; sourceTree = "<group>"; };
		610DE5722B297A8BAF78A60F /* Pods-EccStudentCom.debug.xcconfig */ = {isa = PBXFileReference; includeInIndex = 1; lastKnownFileType = text.xcconfig; name = "Pods-EccStudentCom.debug.xcconfig"; path = "Pods/Target Support Files/Pods-EccStudentCom/Pods-EccStudentCom.debug.xcconfig"; sourceTree = "<group>"; };
		79043BC51DCB692B00A7B131 /* LoginViewController.swift */ = {isa = PBXFileReference; fileEncoding = 4; lastKnownFileType = sourcecode.swift; path = LoginViewController.swift; sourceTree = "<group>"; };
		790E838B1DCF117800D7D714 /* PrefUtil.swift */ = {isa = PBXFileReference; fileEncoding = 4; lastKnownFileType = sourcecode.swift; path = PrefUtil.swift; sourceTree = "<group>"; };
		7918EFE51ECBDE66001FE9BD /* ScheduleContainsItem.swift */ = {isa = PBXFileReference; fileEncoding = 4; lastKnownFileType = sourcecode.swift; path = ScheduleContainsItem.swift; sourceTree = "<group>"; };
		791DE0541DD169DD00FEB18A /* HttpBase.swift */ = {isa = PBXFileReference; fileEncoding = 4; lastKnownFileType = sourcecode.swift; path = HttpBase.swift; sourceTree = "<group>"; };
		791DE0581DD172E200FEB18A /* RequestURL.swift */ = {isa = PBXFileReference; fileEncoding = 4; lastKnownFileType = sourcecode.swift; path = RequestURL.swift; sourceTree = "<group>"; };
		7924B03A1DEB211F00D43894 /* DetailTimeViewController.swift */ = {isa = PBXFileReference; fileEncoding = 4; lastKnownFileType = sourcecode.swift; path = DetailTimeViewController.swift; sourceTree = "<group>"; };
		7924B03C1DEB380300D43894 /* SelectColor+UItableViewCell.swift */ = {isa = PBXFileReference; fileEncoding = 4; lastKnownFileType = sourcecode.swift; path = "SelectColor+UItableViewCell.swift"; sourceTree = "<group>"; };
		79292D551DC5FA8300F15299 /* DiagUtil.swift */ = {isa = PBXFileReference; fileEncoding = 4; lastKnownFileType = sourcecode.swift; path = DiagUtil.swift; sourceTree = "<group>"; };
		794F666C1D96B7C300C1D9B6 /* EccStudentCom.app */ = {isa = PBXFileReference; explicitFileType = wrapper.application; includeInIndex = 0; path = EccStudentCom.app; sourceTree = BUILT_PRODUCTS_DIR; };
		794F666F1D96B7C300C1D9B6 /* AppDelegate.swift */ = {isa = PBXFileReference; lastKnownFileType = sourcecode.swift; path = AppDelegate.swift; sourceTree = "<group>"; };
		794F66711D96B7C300C1D9B6 /* ViewController.swift */ = {isa = PBXFileReference; lastKnownFileType = sourcecode.swift; path = ViewController.swift; sourceTree = "<group>"; };
		794F66741D96B7C300C1D9B6 /* Base */ = {isa = PBXFileReference; lastKnownFileType = file.storyboard; name = Base; path = Base.lproj/Main.storyboard; sourceTree = "<group>"; };
		794F66771D96B7C300C1D9B6 /* EccStudentCom.xcdatamodel */ = {isa = PBXFileReference; lastKnownFileType = wrapper.xcdatamodel; path = EccStudentCom.xcdatamodel; sourceTree = "<group>"; };
		794F66791D96B7C300C1D9B6 /* Assets.xcassets */ = {isa = PBXFileReference; lastKnownFileType = folder.assetcatalog; path = Assets.xcassets; sourceTree = "<group>"; };
		794F667C1D96B7C300C1D9B6 /* Base */ = {isa = PBXFileReference; lastKnownFileType = file.storyboard; name = Base; path = Base.lproj/LaunchScreen.storyboard; sourceTree = "<group>"; };
		794F667E1D96B7C300C1D9B6 /* Info.plist */ = {isa = PBXFileReference; lastKnownFileType = text.plist.xml; path = Info.plist; sourceTree = "<group>"; };
		794F66851D96B8C900C1D9B6 /* GetValuesBase.swift */ = {isa = PBXFileReference; fileEncoding = 4; lastKnownFileType = sourcecode.swift; path = GetValuesBase.swift; sourceTree = "<group>"; };
		794F66881D96BB8B00C1D9B6 /* AttendanceRateItem.swift */ = {isa = PBXFileReference; fileEncoding = 4; lastKnownFileType = sourcecode.swift; path = AttendanceRateItem.swift; sourceTree = "<group>"; };
		794F668A1D96D5BA00C1D9B6 /* TableViewController.swift */ = {isa = PBXFileReference; fileEncoding = 4; lastKnownFileType = sourcecode.swift; path = TableViewController.swift; sourceTree = "<group>"; };
		794F668C1D96D8BA00C1D9B6 /* CustomTableCell.swift */ = {isa = PBXFileReference; fileEncoding = 4; lastKnownFileType = sourcecode.swift; path = CustomTableCell.swift; sourceTree = "<group>"; };
		7951A6571DD2FA560075ACC8 /* RequestBody.swift */ = {isa = PBXFileReference; fileEncoding = 4; lastKnownFileType = sourcecode.swift; path = RequestBody.swift; sourceTree = "<group>"; };
		7951A65D1DD3426C0075ACC8 /* HttpConnector.swift */ = {isa = PBXFileReference; fileEncoding = 4; lastKnownFileType = sourcecode.swift; path = HttpConnector.swift; sourceTree = "<group>"; };
		7951A65F1DD344F10075ACC8 /* HttpHelper.swift */ = {isa = PBXFileReference; fileEncoding = 4; lastKnownFileType = sourcecode.swift; path = HttpHelper.swift; sourceTree = "<group>"; };
		795D41CB1DC9840900F9407E /* Settings-50.png */ = {isa = PBXFileReference; lastKnownFileType = image.png; path = "Settings-50.png"; sourceTree = "<group>"; };
		796729431DFE3F5100F8E491 /* default512.png */ = {isa = PBXFileReference; lastKnownFileType = image.png; path = default512.png; sourceTree = "<group>"; };
		7970A8921E3AFD2200F6706D /* email-7.png */ = {isa = PBXFileReference; lastKnownFileType = image.png; path = "email-7.png"; sourceTree = "<group>"; };
		797FC4781E5D171E0065B89E /* calendar-7.png */ = {isa = PBXFileReference; lastKnownFileType = image.png; path = "calendar-7.png"; sourceTree = "<group>"; };
		79838BB71DC8A8BB005C51BE /* CustomTimeTableCellTue.swift */ = {isa = PBXFileReference; fileEncoding = 4; lastKnownFileType = sourcecode.swift; path = CustomTimeTableCellTue.swift; sourceTree = "<group>"; };
		79838BB91DC8A8C9005C51BE /* CustomTimeTableCellWed.swift */ = {isa = PBXFileReference; fileEncoding = 4; lastKnownFileType = sourcecode.swift; path = CustomTimeTableCellWed.swift; sourceTree = "<group>"; };
		79838BBB1DC8A8D7005C51BE /* CustomTimeTableCellThur.swift */ = {isa = PBXFileReference; fileEncoding = 4; lastKnownFileType = sourcecode.swift; path = CustomTimeTableCellThur.swift; sourceTree = "<group>"; };
		79838BBD1DC8A8E3005C51BE /* CustomTimeTableCellFri.swift */ = {isa = PBXFileReference; fileEncoding = 4; lastKnownFileType = sourcecode.swift; path = CustomTimeTableCellFri.swift; sourceTree = "<group>"; };
		798C078D1DCD8E0B00929F17 /* CallBackClass.swift */ = {isa = PBXFileReference; fileEncoding = 4; lastKnownFileType = sourcecode.swift; path = CallBackClass.swift; sourceTree = "<group>"; };
		798C078F1DCE138200929F17 /* CALayer+RuntimeAttribute.swift */ = {isa = PBXFileReference; fileEncoding = 4; lastKnownFileType = sourcecode.swift; path = "CALayer+RuntimeAttribute.swift"; sourceTree = "<group>"; };
		798FF07C1EBE0D5800FF1F11 /* EscApiManager.swift */ = {isa = PBXFileReference; fileEncoding = 4; lastKnownFileType = sourcecode.swift; path = EscApiManager.swift; sourceTree = "<group>"; };
		798FF0821EC002BE00FF1F11 /* TimeTableCell.xib */ = {isa = PBXFileReference; fileEncoding = 4; lastKnownFileType = file.xib; name = TimeTableCell.xib; path = EccStudentCom/UI/Xib/TimeTableCell.xib; sourceTree = SOURCE_ROOT; };
		798FF0861EC0095900FF1F11 /* TimeTableViewCell.swift */ = {isa = PBXFileReference; fileEncoding = 4; lastKnownFileType = sourcecode.swift; path = TimeTableViewCell.swift; sourceTree = "<group>"; };
		7997BED21EC83BEC00AFBD91 /* EscApiConst.swift */ = {isa = PBXFileReference; fileEncoding = 4; lastKnownFileType = sourcecode.swift; path = EscApiConst.swift; sourceTree = "<group>"; };
		799F60141DC5B80100C95A68 /* TimeTableViewController.swift */ = {isa = PBXFileReference; fileEncoding = 4; lastKnownFileType = sourcecode.swift; path = TimeTableViewController.swift; sourceTree = "<group>"; };
		799F60181DC5BF7700C95A68 /* square-individual-nine-7.png */ = {isa = PBXFileReference; lastKnownFileType = image.png; path = "square-individual-nine-7.png"; sourceTree = "<group>"; };
		799F601A1DC5BF8200C95A68 /* text-align-justify-7.png */ = {isa = PBXFileReference; lastKnownFileType = image.png; path = "text-align-justify-7.png"; sourceTree = "<group>"; };
		79B074001D98B55600F62F15 /* SystemConfiguration.framework */ = {isa = PBXFileReference; lastKnownFileType = wrapper.framework; name = SystemConfiguration.framework; path = System/Library/Frameworks/SystemConfiguration.framework; sourceTree = SDKROOT; };
		79B585591EBBEA62005B4E1A /* EscRequest.swift */ = {isa = PBXFileReference; fileEncoding = 4; lastKnownFileType = sourcecode.swift; path = EscRequest.swift; sourceTree = "<group>"; };
		79B5855B1EBBEA75005B4E1A /* TimeTableRequest.swift */ = {isa = PBXFileReference; fileEncoding = 4; lastKnownFileType = sourcecode.swift; path = TimeTableRequest.swift; sourceTree = "<group>"; };
		79B5855D1EBBECEC005B4E1A /* NewsRequest.swift */ = {isa = PBXFileReference; fileEncoding = 4; lastKnownFileType = sourcecode.swift; path = NewsRequest.swift; sourceTree = "<group>"; };
		79B5855F1EBBECFD005B4E1A /* ScheduleRequest.swift */ = {isa = PBXFileReference; fileEncoding = 4; lastKnownFileType = sourcecode.swift; path = ScheduleRequest.swift; sourceTree = "<group>"; };
		79B585611EBCD771005B4E1A /* TokenRequest.swift */ = {isa = PBXFileReference; fileEncoding = 4; lastKnownFileType = sourcecode.swift; path = TokenRequest.swift; sourceTree = "<group>"; };
		79B585671EBCDE49005B4E1A /* Token.swift */ = {isa = PBXFileReference; fileEncoding = 4; lastKnownFileType = sourcecode.swift; path = Token.swift; sourceTree = "<group>"; };
		79B585691EBCE019005B4E1A /* RootTimeTable.swift */ = {isa = PBXFileReference; fileEncoding = 4; lastKnownFileType = sourcecode.swift; path = RootTimeTable.swift; sourceTree = "<group>"; };
		79B5856B1EBCE02D005B4E1A /* TeacherTimeTable.swift */ = {isa = PBXFileReference; fileEncoding = 4; lastKnownFileType = sourcecode.swift; path = TeacherTimeTable.swift; sourceTree = "<group>"; };
		79B5856D1EBCE03C005B4E1A /* TimeTable.swift */ = {isa = PBXFileReference; fileEncoding = 4; lastKnownFileType = sourcecode.swift; path = TimeTable.swift; sourceTree = "<group>"; };
		79B585711EBDCE67005B4E1A /* NewsArray.swift */ = {isa = PBXFileReference; fileEncoding = 4; lastKnownFileType = sourcecode.swift; path = NewsArray.swift; sourceTree = "<group>"; };
		79B585731EBDCE74005B4E1A /* NewsCourse.swift */ = {isa = PBXFileReference; fileEncoding = 4; lastKnownFileType = sourcecode.swift; path = NewsCourse.swift; sourceTree = "<group>"; };
		79B585751EBDCE80005B4E1A /* NewsDetail.swift */ = {isa = PBXFileReference; fileEncoding = 4; lastKnownFileType = sourcecode.swift; path = NewsDetail.swift; sourceTree = "<group>"; };
		79B585771EBDCE8E005B4E1A /* NewsDetailRoot.swift */ = {isa = PBXFileReference; fileEncoding = 4; lastKnownFileType = sourcecode.swift; path = NewsDetailRoot.swift; sourceTree = "<group>"; };
		79B585791EBDCE9D005B4E1A /* NewsFile.swift */ = {isa = PBXFileReference; fileEncoding = 4; lastKnownFileType = sourcecode.swift; path = NewsFile.swift; sourceTree = "<group>"; };
		79B5857B1EBDCEB1005B4E1A /* NewsItem.swift */ = {isa = PBXFileReference; fileEncoding = 4; lastKnownFileType = sourcecode.swift; path = NewsItem.swift; sourceTree = "<group>"; };
		79B5857D1EBDF078005B4E1A /* NewsDetailRequest.swift */ = {isa = PBXFileReference; fileEncoding = 4; lastKnownFileType = sourcecode.swift; path = NewsDetailRequest.swift; sourceTree = "<group>"; };
		79B5857F1EBDF195005B4E1A /* ScheduleRoot.swift */ = {isa = PBXFileReference; fileEncoding = 4; lastKnownFileType = sourcecode.swift; path = ScheduleRoot.swift; sourceTree = "<group>"; };
		79B585811EBDF1A6005B4E1A /* ScheduleItem.swift */ = {isa = PBXFileReference; fileEncoding = 4; lastKnownFileType = sourcecode.swift; path = ScheduleItem.swift; sourceTree = "<group>"; };
		79B585831EBDF1C6005B4E1A /* ScheduleCategory.swift */ = {isa = PBXFileReference; fileEncoding = 4; lastKnownFileType = sourcecode.swift; path = ScheduleCategory.swift; sourceTree = "<group>"; };
		79B9DD911DC62600009153B6 /* TimeTableItem.swift */ = {isa = PBXFileReference; fileEncoding = 4; lastKnownFileType = sourcecode.swift; path = TimeTableItem.swift; sourceTree = "<group>"; };
		79B9DD961DC79561009153B6 /* CustomTimeTableCellMon.swift */ = {isa = PBXFileReference; fileEncoding = 4; lastKnownFileType = sourcecode.swift; path = CustomTimeTableCellMon.swift; sourceTree = "<group>"; };
		79BB5B691ECC980D002CC9CE /* ScheduleAccessor.swift */ = {isa = PBXFileReference; fileEncoding = 4; lastKnownFileType = sourcecode.swift; path = ScheduleAccessor.swift; sourceTree = "<group>"; };
		79BB5B6B1ECDDCE3002CC9CE /* BottomSheetView.xib */ = {isa = PBXFileReference; fileEncoding = 4; lastKnownFileType = file.xib; path = BottomSheetView.xib; sourceTree = "<group>"; };
		79BB5B6D1ECDEB75002CC9CE /* BottomSheetView.swift */ = {isa = PBXFileReference; fileEncoding = 4; lastKnownFileType = sourcecode.swift; path = BottomSheetView.swift; sourceTree = "<group>"; };
		79C447CA1EC317D6007DF16F /* AccessorProtcol.swift */ = {isa = PBXFileReference; fileEncoding = 4; lastKnownFileType = sourcecode.swift; path = AccessorProtcol.swift; sourceTree = "<group>"; };
		79C447CC1EC3187F007DF16F /* AccessorBase.swift */ = {isa = PBXFileReference; fileEncoding = 4; lastKnownFileType = sourcecode.swift; path = AccessorBase.swift; sourceTree = "<group>"; };
		79C447CE1EC31919007DF16F /* TimeTableAccessor.swift */ = {isa = PBXFileReference; fileEncoding = 4; lastKnownFileType = sourcecode.swift; path = TimeTableAccessor.swift; sourceTree = "<group>"; };
		79C447D01EC5374F007DF16F /* Util.swift */ = {isa = PBXFileReference; fileEncoding = 4; lastKnownFileType = sourcecode.swift; path = Util.swift; sourceTree = "<group>"; };
		79C447D21EC61C88007DF16F /* AttendanceRateAccessor.swift */ = {isa = PBXFileReference; fileEncoding = 4; lastKnownFileType = sourcecode.swift; path = AttendanceRateAccessor.swift; sourceTree = "<group>"; };
		79C447D41EC62A13007DF16F /* CommonNewsItem.swift */ = {isa = PBXFileReference; fileEncoding = 4; lastKnownFileType = sourcecode.swift; path = CommonNewsItem.swift; sourceTree = "<group>"; };
		79C447D61EC62AA2007DF16F /* SchoolNewsAccessor.swift */ = {isa = PBXFileReference; fileEncoding = 4; lastKnownFileType = sourcecode.swift; path = SchoolNewsAccessor.swift; sourceTree = "<group>"; };
		79C447D81EC62AB0007DF16F /* TaninNewsAccessor.swift */ = {isa = PBXFileReference; fileEncoding = 4; lastKnownFileType = sourcecode.swift; path = TaninNewsAccessor.swift; sourceTree = "<group>"; };
		79CA52901E32140700118AB5 /* ja */ = {isa = PBXFileReference; lastKnownFileType = text.plist.strings; name = ja; path = ja.lproj/Main.strings; sourceTree = "<group>"; };
		79CA52911E32140700118AB5 /* ja */ = {isa = PBXFileReference; lastKnownFileType = text.plist.strings; name = ja; path = ja.lproj/LaunchScreen.strings; sourceTree = "<group>"; };
		79E095F31D984AC200A5248D /* iocn ver1.6.0.png */ = {isa = PBXFileReference; lastKnownFileType = image.png; path = "iocn ver1.6.0.png"; sourceTree = "<group>"; };
		79F1FB361DC985C9007B7386 /* gear-7.png */ = {isa = PBXFileReference; lastKnownFileType = image.png; path = "gear-7.png"; sourceTree = "<group>"; };
		79F1FB381DC99400007B7386 /* PreferenceController.swift */ = {isa = PBXFileReference; fileEncoding = 4; lastKnownFileType = sourcecode.swift; path = PreferenceController.swift; sourceTree = "<group>"; };
		79F1FB3A1DCA3ADC007B7386 /* ChangeTimeTableViewController.swift */ = {isa = PBXFileReference; fileEncoding = 4; lastKnownFileType = sourcecode.swift; path = ChangeTimeTableViewController.swift; sourceTree = "<group>"; };
		79F1FB3C1DCA3AF6007B7386 /* AboutViewController.swift */ = {isa = PBXFileReference; fileEncoding = 4; lastKnownFileType = sourcecode.swift; path = AboutViewController.swift; sourceTree = "<group>"; };
		79F1FB3E1DCA3B14007B7386 /* LisenceViewController.swift */ = {isa = PBXFileReference; fileEncoding = 4; lastKnownFileType = sourcecode.swift; path = LisenceViewController.swift; sourceTree = "<group>"; };
		79F1FB401DCA3E6D007B7386 /* about_html.html */ = {isa = PBXFileReference; fileEncoding = 4; lastKnownFileType = text.html; path = about_html.html; sourceTree = "<group>"; };
		79F1FB421DCA3E75007B7386 /* ecclogo-dark2.png */ = {isa = PBXFileReference; lastKnownFileType = image.png; path = "ecclogo-dark2.png"; sourceTree = "<group>"; };
		79F4458B1ECAE484008D9920 /* EccStudentCom-Bridging-Header..h */ = {isa = PBXFileReference; lastKnownFileType = sourcecode.c.h; path = "EccStudentCom-Bridging-Header..h"; sourceTree = "<group>"; };
		79F573781DCC460500E62898 /* lisence.html */ = {isa = PBXFileReference; fileEncoding = 4; lastKnownFileType = text.html; path = lisence.html; sourceTree = "<group>"; };
		79F5737A1DCCDFCC00E62898 /* BaseTabViewController.swift */ = {isa = PBXFileReference; fileEncoding = 4; lastKnownFileType = sourcecode.swift; path = BaseTabViewController.swift; sourceTree = "<group>"; };
		79F5737F1DCCFDB700E62898 /* Settings.bundle */ = {isa = PBXFileReference; lastKnownFileType = "wrapper.plug-in"; name = Settings.bundle; path = EccStudentCom/Settings.bundle; sourceTree = "<group>"; };
		79F93E9E1EC0C486009247AE /* TimeTableView1.xib */ = {isa = PBXFileReference; fileEncoding = 4; lastKnownFileType = file.xib; path = TimeTableView1.xib; sourceTree = "<group>"; };
		79F93EA01EC0C525009247AE /* TimeTableView1.swift */ = {isa = PBXFileReference; fileEncoding = 4; lastKnownFileType = sourcecode.swift; path = TimeTableView1.swift; sourceTree = "<group>"; };
		D60598691EC9EE3400BBB22E /* ToastView.swift */ = {isa = PBXFileReference; fileEncoding = 4; lastKnownFileType = sourcecode.swift; path = ToastView.swift; sourceTree = "<group>"; };
		D63206991E54BDA00004E359 /* SchoolNewsItem.swift */ = {isa = PBXFileReference; fileEncoding = 4; lastKnownFileType = sourcecode.swift; path = SchoolNewsItem.swift; sourceTree = "<group>"; };
		D632069B1E56597A0004E359 /* NewsParentViewController.swift */ = {isa = PBXFileReference; fileEncoding = 4; lastKnownFileType = sourcecode.swift; path = NewsParentViewController.swift; sourceTree = "<group>"; };
		D64601271E5885D80034323F /* TaninNewsItem.swift */ = {isa = PBXFileReference; fileEncoding = 4; lastKnownFileType = sourcecode.swift; path = TaninNewsItem.swift; sourceTree = "<group>"; };
		D64601291E589BCF0034323F /* NewsTitleCell.swift */ = {isa = PBXFileReference; fileEncoding = 4; lastKnownFileType = sourcecode.swift; path = NewsTitleCell.swift; sourceTree = "<group>"; };
		D646012B1E589BD90034323F /* NewsItemCell.swift */ = {isa = PBXFileReference; fileEncoding = 4; lastKnownFileType = sourcecode.swift; path = NewsItemCell.swift; sourceTree = "<group>"; };
		D646012D1E5915A70034323F /* NewsDetailViewController.swift */ = {isa = PBXFileReference; fileEncoding = 4; lastKnownFileType = sourcecode.swift; path = NewsDetailViewController.swift; sourceTree = "<group>"; };
		D6E8885C1E7FF6730089FE5E /* CalendarViewController.swift */ = {isa = PBXFileReference; fileEncoding = 4; lastKnownFileType = sourcecode.swift; path = CalendarViewController.swift; sourceTree = "<group>"; };
		D7FB22523774E900B1499140 /* Pods_EccStudentCom.framework */ = {isa = PBXFileReference; explicitFileType = wrapper.framework; includeInIndex = 0; path = Pods_EccStudentCom.framework; sourceTree = BUILT_PRODUCTS_DIR; };
/* End PBXFileReference section */

/* Begin PBXFrameworksBuildPhase section */
		794F66691D96B7C300C1D9B6 /* Frameworks */ = {
			isa = PBXFrameworksBuildPhase;
			buildActionMask = 2147483647;
			files = (
				79B074011D98B55600F62F15 /* SystemConfiguration.framework in Frameworks */,
				B89F627E1EACE9B0F0F0928B /* Pods_EccStudentCom.framework in Frameworks */,
			);
			runOnlyForDeploymentPostprocessing = 0;
		};
/* End PBXFrameworksBuildPhase section */

/* Begin PBXGroup section */
		794F66631D96B7C300C1D9B6 = {
			isa = PBXGroup;
			children = (
				794F666E1D96B7C300C1D9B6 /* EccStudentCom */,
				79F5737F1DCCFDB700E62898 /* Settings.bundle */,
				794F666D1D96B7C300C1D9B6 /* Products */,
				8B655494E76771243EACB99F /* Frameworks */,
				AC544450CC24B7CF6203BE75 /* Pods */,
			);
			sourceTree = "<group>";
		};
		794F666D1D96B7C300C1D9B6 /* Products */ = {
			isa = PBXGroup;
			children = (
				794F666C1D96B7C300C1D9B6 /* EccStudentCom.app */,
			);
			name = Products;
			sourceTree = "<group>";
		};
		794F666E1D96B7C300C1D9B6 /* EccStudentCom */ = {
			isa = PBXGroup;
			children = (
				79B585571EBBE9D1005B4E1A /* UI */,
				79F573811DCD092800E62898 /* Assets */,
				79B9DD951DC789E4009153B6 /* Http */,
				796DE3EC1DC384D100BF5ABE /* Model */,
				796DE3EB1DC384A600BF5ABE /* Tools */,
				794F667E1D96B7C300C1D9B6 /* Info.plist */,
				794F66761D96B7C300C1D9B6 /* EccStudentCom.xcdatamodeld */,
				794F66791D96B7C300C1D9B6 /* Assets.xcassets */,
				794F666F1D96B7C300C1D9B6 /* AppDelegate.swift */,
				79F4458B1ECAE484008D9920 /* EccStudentCom-Bridging-Header..h */,
			);
			path = EccStudentCom;
			sourceTree = "<group>";
		};
		796DE3EB1DC384A600BF5ABE /* Tools */ = {
			isa = PBXGroup;
			children = (
				79C447C91EC317B2007DF16F /* Realm */,
				794F66851D96B8C900C1D9B6 /* GetValuesBase.swift */,
				79292D551DC5FA8300F15299 /* DiagUtil.swift */,
				790E838B1DCF117800D7D714 /* PrefUtil.swift */,
				79C447D01EC5374F007DF16F /* Util.swift */,
			);
			path = Tools;
			sourceTree = "<group>";
		};
		796DE3EC1DC384D100BF5ABE /* Model */ = {
			isa = PBXGroup;
			children = (
				794F66881D96BB8B00C1D9B6 /* AttendanceRateItem.swift */,
				79B9DD911DC62600009153B6 /* TimeTableItem.swift */,
				D63206991E54BDA00004E359 /* SchoolNewsItem.swift */,
				D64601271E5885D80034323F /* TaninNewsItem.swift */,
				79C447D41EC62A13007DF16F /* CommonNewsItem.swift */,
				7918EFE51ECBDE66001FE9BD /* ScheduleContainsItem.swift */,
			);
			path = Model;
			sourceTree = "<group>";
		};
		796DE3EE1DC3855000BF5ABE /* ViewController */ = {
			isa = PBXGroup;
			children = (
				794F66711D96B7C300C1D9B6 /* ViewController.swift */,
				794F668A1D96D5BA00C1D9B6 /* TableViewController.swift */,
				799F60141DC5B80100C95A68 /* TimeTableViewController.swift */,
				79F1FB3A1DCA3ADC007B7386 /* ChangeTimeTableViewController.swift */,
				79F1FB3C1DCA3AF6007B7386 /* AboutViewController.swift */,
				79F1FB3E1DCA3B14007B7386 /* LisenceViewController.swift */,
				79043BC51DCB692B00A7B131 /* LoginViewController.swift */,
				79F5737A1DCCDFCC00E62898 /* BaseTabViewController.swift */,
				7924B03A1DEB211F00D43894 /* DetailTimeViewController.swift */,
				D632069B1E56597A0004E359 /* NewsParentViewController.swift */,
				D646012D1E5915A70034323F /* NewsDetailViewController.swift */,
				D6E8885C1E7FF6730089FE5E /* CalendarViewController.swift */,
				79F1FB381DC99400007B7386 /* PreferenceController.swift */,
			);
			path = ViewController;
			sourceTree = "<group>";
		};
		798679DF1DD01B2B00CA7A88 /* Cells */ = {
			isa = PBXGroup;
			children = (
				794F668C1D96D8BA00C1D9B6 /* CustomTableCell.swift */,
				79B9DD961DC79561009153B6 /* CustomTimeTableCellMon.swift */,
				79838BB71DC8A8BB005C51BE /* CustomTimeTableCellTue.swift */,
				79838BB91DC8A8C9005C51BE /* CustomTimeTableCellWed.swift */,
				79838BBB1DC8A8D7005C51BE /* CustomTimeTableCellThur.swift */,
				79838BBD1DC8A8E3005C51BE /* CustomTimeTableCellFri.swift */,
				D64601291E589BCF0034323F /* NewsTitleCell.swift */,
				D646012B1E589BD90034323F /* NewsItemCell.swift */,
			);
			path = Cells;
			sourceTree = "<group>";
		};
		798679E01DD01E6000CA7A88 /* StoryBoard */ = {
			isa = PBXGroup;
			children = (
				794F66731D96B7C300C1D9B6 /* Main.storyboard */,
				794F667B1D96B7C300C1D9B6 /* LaunchScreen.storyboard */,
			);
			name = StoryBoard;
			path = ..;
			sourceTree = "<group>";
		};
		798FF07E1EBFFFF400FF1F11 /* Xib */ = {
			isa = PBXGroup;
			children = (
				798FF0821EC002BE00FF1F11 /* TimeTableCell.xib */,
				79F93E9E1EC0C486009247AE /* TimeTableView1.xib */,
				79BB5B6B1ECDDCE3002CC9CE /* BottomSheetView.xib */,
			);
			path = Xib;
			sourceTree = "<group>";
		};
		798FF0811EC0008700FF1F11 /* View */ = {
			isa = PBXGroup;
			children = (
				798FF0861EC0095900FF1F11 /* TimeTableViewCell.swift */,
				79F93EA01EC0C525009247AE /* TimeTableView1.swift */,
				79BB5B6D1ECDEB75002CC9CE /* BottomSheetView.swift */,
			);
			path = View;
			sourceTree = "<group>";
		};
		79B585571EBBE9D1005B4E1A /* UI */ = {
			isa = PBXGroup;
			children = (
				D60598681EC9EE1500BBB22E /* Toast */,
				798FF0811EC0008700FF1F11 /* View */,
				798FF07E1EBFFFF400FF1F11 /* Xib */,
				79F5737C1DCCE07500E62898 /* Extension */,
				796DE3EE1DC3855000BF5ABE /* ViewController */,
				798679E01DD01E6000CA7A88 /* StoryBoard */,
				798679DF1DD01B2B00CA7A88 /* Cells */,
			);
			path = UI;
			sourceTree = "<group>";
		};
		79B585581EBBEA31005B4E1A /* Api */ = {
			isa = PBXGroup;
			children = (
				79B585631EBCDD87005B4E1A /* Model */,
				79B585611EBCD771005B4E1A /* TokenRequest.swift */,
				79B585591EBBEA62005B4E1A /* EscRequest.swift */,
				79B5855B1EBBEA75005B4E1A /* TimeTableRequest.swift */,
				79B5855D1EBBECEC005B4E1A /* NewsRequest.swift */,
				79B5855F1EBBECFD005B4E1A /* ScheduleRequest.swift */,
				79B5857D1EBDF078005B4E1A /* NewsDetailRequest.swift */,
				798FF07C1EBE0D5800FF1F11 /* EscApiManager.swift */,
				7997BED21EC83BEC00AFBD91 /* EscApiConst.swift */,
			);
			path = Api;
			sourceTree = "<group>";
		};
		79B585631EBCDD87005B4E1A /* Model */ = {
			isa = PBXGroup;
			children = (
				79B585661EBCDE18005B4E1A /* News */,
				79B585651EBCDE11005B4E1A /* Schedule */,
				79B585641EBCDDFE005B4E1A /* TimeTable */,
				79B585671EBCDE49005B4E1A /* Token.swift */,
			);
			path = Model;
			sourceTree = "<group>";
		};
		79B585641EBCDDFE005B4E1A /* TimeTable */ = {
			isa = PBXGroup;
			children = (
				79B585691EBCE019005B4E1A /* RootTimeTable.swift */,
				79B5856B1EBCE02D005B4E1A /* TeacherTimeTable.swift */,
				79B5856D1EBCE03C005B4E1A /* TimeTable.swift */,
			);
			path = TimeTable;
			sourceTree = "<group>";
		};
		79B585651EBCDE11005B4E1A /* Schedule */ = {
			isa = PBXGroup;
			children = (
				79B5857F1EBDF195005B4E1A /* ScheduleRoot.swift */,
				79B585811EBDF1A6005B4E1A /* ScheduleItem.swift */,
				79B585831EBDF1C6005B4E1A /* ScheduleCategory.swift */,
			);
			path = Schedule;
			sourceTree = "<group>";
		};
		79B585661EBCDE18005B4E1A /* News */ = {
			isa = PBXGroup;
			children = (
				79B585711EBDCE67005B4E1A /* NewsArray.swift */,
				79B585731EBDCE74005B4E1A /* NewsCourse.swift */,
				79B585751EBDCE80005B4E1A /* NewsDetail.swift */,
				79B585771EBDCE8E005B4E1A /* NewsDetailRoot.swift */,
				79B585791EBDCE9D005B4E1A /* NewsFile.swift */,
				79B5857B1EBDCEB1005B4E1A /* NewsItem.swift */,
			);
			path = News;
			sourceTree = "<group>";
		};
		79B9DD951DC789E4009153B6 /* Http */ = {
			isa = PBXGroup;
			children = (
				79B585581EBBEA31005B4E1A /* Api */,
				798C078D1DCD8E0B00929F17 /* CallBackClass.swift */,
				791DE0541DD169DD00FEB18A /* HttpBase.swift */,
				7951A65D1DD3426C0075ACC8 /* HttpConnector.swift */,
				7951A65F1DD344F10075ACC8 /* HttpHelper.swift */,
				791DE0581DD172E200FEB18A /* RequestURL.swift */,
				7951A6571DD2FA560075ACC8 /* RequestBody.swift */,
			);
			path = Http;
			sourceTree = "<group>";
		};
		79C447C91EC317B2007DF16F /* Realm */ = {
			isa = PBXGroup;
			children = (
				79C447CA1EC317D6007DF16F /* AccessorProtcol.swift */,
				79C447CC1EC3187F007DF16F /* AccessorBase.swift */,
				79C447CE1EC31919007DF16F /* TimeTableAccessor.swift */,
				79C447D21EC61C88007DF16F /* AttendanceRateAccessor.swift */,
				79C447D61EC62AA2007DF16F /* SchoolNewsAccessor.swift */,
				79C447D81EC62AB0007DF16F /* TaninNewsAccessor.swift */,
				79BB5B691ECC980D002CC9CE /* ScheduleAccessor.swift */,
			);
			path = Realm;
			sourceTree = "<group>";
		};
		79F1FB441DCA3F4B007B7386 /* Html */ = {
			isa = PBXGroup;
			children = (
				79F573781DCC460500E62898 /* lisence.html */,
				796729431DFE3F5100F8E491 /* default512.png */,
				79F1FB421DCA3E75007B7386 /* ecclogo-dark2.png */,
				79F1FB401DCA3E6D007B7386 /* about_html.html */,
			);
			path = Html;
			sourceTree = "<group>";
		};
		79F5737C1DCCE07500E62898 /* Extension */ = {
			isa = PBXGroup;
			children = (
				798C078F1DCE138200929F17 /* CALayer+RuntimeAttribute.swift */,
				7924B03C1DEB380300D43894 /* SelectColor+UItableViewCell.swift */,
			);
			path = Extension;
			sourceTree = "<group>";
		};
		79F573811DCD092800E62898 /* Assets */ = {
			isa = PBXGroup;
			children = (
				79F1FB441DCA3F4B007B7386 /* Html */,
				797FC4781E5D171E0065B89E /* calendar-7.png */,
				7970A8921E3AFD2200F6706D /* email-7.png */,
				795D41CB1DC9840900F9407E /* Settings-50.png */,
				79E095F31D984AC200A5248D /* iocn ver1.6.0.png */,
				799F601A1DC5BF8200C95A68 /* text-align-justify-7.png */,
				799F60181DC5BF7700C95A68 /* square-individual-nine-7.png */,
				79F1FB361DC985C9007B7386 /* gear-7.png */,
			);
			path = Assets;
			sourceTree = "<group>";
		};
		8B655494E76771243EACB99F /* Frameworks */ = {
			isa = PBXGroup;
			children = (
				79B074001D98B55600F62F15 /* SystemConfiguration.framework */,
				D7FB22523774E900B1499140 /* Pods_EccStudentCom.framework */,
			);
			name = Frameworks;
			sourceTree = "<group>";
		};
		AC544450CC24B7CF6203BE75 /* Pods */ = {
			isa = PBXGroup;
			children = (
				610DE5722B297A8BAF78A60F /* Pods-EccStudentCom.debug.xcconfig */,
				2A3CB32D41BD487A1C83DE20 /* Pods-EccStudentCom.release.xcconfig */,
			);
			name = Pods;
			sourceTree = "<group>";
		};
		D60598681EC9EE1500BBB22E /* Toast */ = {
			isa = PBXGroup;
			children = (
				D60598691EC9EE3400BBB22E /* ToastView.swift */,
			);
			name = Toast;
			path = ../Ui/Toast;
			sourceTree = "<group>";
		};
/* End PBXGroup section */

/* Begin PBXNativeTarget section */
		794F666B1D96B7C300C1D9B6 /* EccStudentCom */ = {
			isa = PBXNativeTarget;
			buildConfigurationList = 794F66811D96B7C300C1D9B6 /* Build configuration list for PBXNativeTarget "EccStudentCom" */;
			buildPhases = (
				5E42F143DC8D31DE32B5AA18 /* [CP] Check Pods Manifest.lock */,
				794F66681D96B7C300C1D9B6 /* Sources */,
				794F66691D96B7C300C1D9B6 /* Frameworks */,
				794F666A1D96B7C300C1D9B6 /* Resources */,
				2345CC2EFA1419F66F2FE248 /* [CP] Embed Pods Frameworks */,
				C46DD9A42CCA2B5E40595165 /* [CP] Copy Pods Resources */,
			);
			buildRules = (
			);
			dependencies = (
			);
			name = EccStudentCom;
			productName = EccStudentCom;
			productReference = 794F666C1D96B7C300C1D9B6 /* EccStudentCom.app */;
			productType = "com.apple.product-type.application";
		};
/* End PBXNativeTarget section */

/* Begin PBXProject section */
		794F66641D96B7C300C1D9B6 /* Project object */ = {
			isa = PBXProject;
			attributes = {
				LastSwiftUpdateCheck = 0730;
				LastUpgradeCheck = 0830;
				ORGANIZATIONNAME = YutaKohashi;
				TargetAttributes = {
					794F666B1D96B7C300C1D9B6 = {
						CreatedOnToolsVersion = 7.3.1;
						DevelopmentTeam = 3L9NAZMKF3;
						LastSwiftMigration = 0820;
					};
				};
			};
			buildConfigurationList = 794F66671D96B7C300C1D9B6 /* Build configuration list for PBXProject "EccStudentCom" */;
			compatibilityVersion = "Xcode 3.2";
			developmentRegion = English;
			hasScannedForEncodings = 0;
			knownRegions = (
				en,
				Base,
			);
			mainGroup = 794F66631D96B7C300C1D9B6;
			productRefGroup = 794F666D1D96B7C300C1D9B6 /* Products */;
			projectDirPath = "";
			projectRoot = "";
			targets = (
				794F666B1D96B7C300C1D9B6 /* EccStudentCom */,
			);
		};
/* End PBXProject section */

/* Begin PBXResourcesBuildPhase section */
		794F666A1D96B7C300C1D9B6 /* Resources */ = {
			isa = PBXResourcesBuildPhase;
			buildActionMask = 2147483647;
			files = (
				79F1FB371DC985C9007B7386 /* gear-7.png in Resources */,
				795D41CC1DC9840900F9407E /* Settings-50.png in Resources */,
				794F667D1D96B7C300C1D9B6 /* LaunchScreen.storyboard in Resources */,
				799F601B1DC5BF8200C95A68 /* text-align-justify-7.png in Resources */,
				79F93E9F1EC0C486009247AE /* TimeTableView1.xib in Resources */,
				79F573801DCCFDB700E62898 /* Settings.bundle in Resources */,
				79E095F41D984AC200A5248D /* iocn ver1.6.0.png in Resources */,
				79F573791DCC460500E62898 /* lisence.html in Resources */,
				796729441DFE3F5100F8E491 /* default512.png in Resources */,
				7970A8931E3AFD2200F6706D /* email-7.png in Resources */,
				797FC4791E5D171E0065B89E /* calendar-7.png in Resources */,
				79BB5B6C1ECDDCE3002CC9CE /* BottomSheetView.xib in Resources */,
				799F60191DC5BF7700C95A68 /* square-individual-nine-7.png in Resources */,
				794F667A1D96B7C300C1D9B6 /* Assets.xcassets in Resources */,
				79F1FB411DCA3E6D007B7386 /* about_html.html in Resources */,
				794F66751D96B7C300C1D9B6 /* Main.storyboard in Resources */,
				79F1FB431DCA3E75007B7386 /* ecclogo-dark2.png in Resources */,
				798FF0831EC002BE00FF1F11 /* TimeTableCell.xib in Resources */,
			);
			runOnlyForDeploymentPostprocessing = 0;
		};
/* End PBXResourcesBuildPhase section */

/* Begin PBXShellScriptBuildPhase section */
		2345CC2EFA1419F66F2FE248 /* [CP] Embed Pods Frameworks */ = {
			isa = PBXShellScriptBuildPhase;
			buildActionMask = 2147483647;
			files = (
			);
			inputPaths = (
			);
			name = "[CP] Embed Pods Frameworks";
			outputPaths = (
			);
			runOnlyForDeploymentPostprocessing = 0;
			shellPath = /bin/sh;
			shellScript = "\"${SRCROOT}/Pods/Target Support Files/Pods-EccStudentCom/Pods-EccStudentCom-frameworks.sh\"\n";
			showEnvVarsInLog = 0;
		};
		5E42F143DC8D31DE32B5AA18 /* [CP] Check Pods Manifest.lock */ = {
			isa = PBXShellScriptBuildPhase;
			buildActionMask = 2147483647;
			files = (
			);
			inputPaths = (
			);
			name = "[CP] Check Pods Manifest.lock";
			outputPaths = (
			);
			runOnlyForDeploymentPostprocessing = 0;
			shellPath = /bin/sh;
			shellScript = "diff \"${PODS_PODFILE_DIR_PATH}/Podfile.lock\" \"${PODS_ROOT}/Manifest.lock\" > /dev/null\nif [ $? != 0 ] ; then\n    # print error to STDERR\n    echo \"error: The sandbox is not in sync with the Podfile.lock. Run 'pod install' or update your CocoaPods installation.\" >&2\n    exit 1\nfi\n";
			showEnvVarsInLog = 0;
		};
		C46DD9A42CCA2B5E40595165 /* [CP] Copy Pods Resources */ = {
			isa = PBXShellScriptBuildPhase;
			buildActionMask = 2147483647;
			files = (
			);
			inputPaths = (
			);
			name = "[CP] Copy Pods Resources";
			outputPaths = (
			);
			runOnlyForDeploymentPostprocessing = 0;
			shellPath = /bin/sh;
			shellScript = "\"${SRCROOT}/Pods/Target Support Files/Pods-EccStudentCom/Pods-EccStudentCom-resources.sh\"\n";
			showEnvVarsInLog = 0;
		};
/* End PBXShellScriptBuildPhase section */

/* Begin PBXSourcesBuildPhase section */
		794F66681D96B7C300C1D9B6 /* Sources */ = {
			isa = PBXSourcesBuildPhase;
			buildActionMask = 2147483647;
			files = (
				7997BED31EC83BEC00AFBD91 /* EscApiConst.swift in Sources */,
				79B5856C1EBCE02D005B4E1A /* TeacherTimeTable.swift in Sources */,
				79C447D91EC62AB0007DF16F /* TaninNewsAccessor.swift in Sources */,
				79BB5B6E1ECDEB75002CC9CE /* BottomSheetView.swift in Sources */,
				D632069A1E54BDA00004E359 /* SchoolNewsItem.swift in Sources */,
				7924B03D1DEB380300D43894 /* SelectColor+UItableViewCell.swift in Sources */,
				79838BBE1DC8A8E3005C51BE /* CustomTimeTableCellFri.swift in Sources */,
				79B585761EBDCE80005B4E1A /* NewsDetail.swift in Sources */,
				79F1FB3B1DCA3ADC007B7386 /* ChangeTimeTableViewController.swift in Sources */,
				791DE0551DD169DD00FEB18A /* HttpBase.swift in Sources */,
				79B5855E1EBBECEC005B4E1A /* NewsRequest.swift in Sources */,
				79B585781EBDCE8E005B4E1A /* NewsDetailRoot.swift in Sources */,
				790E838C1DCF117800D7D714 /* PrefUtil.swift in Sources */,
				79838BBC1DC8A8D7005C51BE /* CustomTimeTableCellThur.swift in Sources */,
				79B585801EBDF195005B4E1A /* ScheduleRoot.swift in Sources */,
				79838BB81DC8A8BB005C51BE /* CustomTimeTableCellTue.swift in Sources */,
				798FF0871EC0095900FF1F11 /* TimeTableViewCell.swift in Sources */,
				D646012C1E589BD90034323F /* NewsItemCell.swift in Sources */,
				799F60151DC5B80100C95A68 /* TimeTableViewController.swift in Sources */,
				D605986A1EC9EE3400BBB22E /* ToastView.swift in Sources */,
				79C447D31EC61C88007DF16F /* AttendanceRateAccessor.swift in Sources */,
				79F1FB3D1DCA3AF6007B7386 /* AboutViewController.swift in Sources */,
				D6E8885D1E7FF6730089FE5E /* CalendarViewController.swift in Sources */,
				79C447CB1EC317D6007DF16F /* AccessorProtcol.swift in Sources */,
				79B585721EBDCE67005B4E1A /* NewsArray.swift in Sources */,
				79C447CF1EC31919007DF16F /* TimeTableAccessor.swift in Sources */,
				798FF07D1EBE0D5800FF1F11 /* EscApiManager.swift in Sources */,
				79B585601EBBECFD005B4E1A /* ScheduleRequest.swift in Sources */,
				7951A6601DD344F10075ACC8 /* HttpHelper.swift in Sources */,
				79B585621EBCD771005B4E1A /* TokenRequest.swift in Sources */,
				79292D561DC5FA8300F15299 /* DiagUtil.swift in Sources */,
				79B585821EBDF1A6005B4E1A /* ScheduleItem.swift in Sources */,
				D646012A1E589BCF0034323F /* NewsTitleCell.swift in Sources */,
				791DE0591DD172E200FEB18A /* RequestURL.swift in Sources */,
				79B5855C1EBBEA75005B4E1A /* TimeTableRequest.swift in Sources */,
				79B585681EBCDE49005B4E1A /* Token.swift in Sources */,
				D632069C1E56597A0004E359 /* NewsParentViewController.swift in Sources */,
				794F66721D96B7C300C1D9B6 /* ViewController.swift in Sources */,
				79B5857C1EBDCEB1005B4E1A /* NewsItem.swift in Sources */,
				79B5857A1EBDCE9D005B4E1A /* NewsFile.swift in Sources */,
				79B5857E1EBDF078005B4E1A /* NewsDetailRequest.swift in Sources */,
				79C447D71EC62AA2007DF16F /* SchoolNewsAccessor.swift in Sources */,
				79C447D11EC5374F007DF16F /* Util.swift in Sources */,
				7918EFE61ECBDE66001FE9BD /* ScheduleContainsItem.swift in Sources */,
				79B5856A1EBCE019005B4E1A /* RootTimeTable.swift in Sources */,
				798C078E1DCD8E0B00929F17 /* CallBackClass.swift in Sources */,
				79B585841EBDF1C6005B4E1A /* ScheduleCategory.swift in Sources */,
				79B5855A1EBBEA62005B4E1A /* EscRequest.swift in Sources */,
				7951A65E1DD3426C0075ACC8 /* HttpConnector.swift in Sources */,
				79B9DD971DC79561009153B6 /* CustomTimeTableCellMon.swift in Sources */,
				D64601281E5885D80034323F /* TaninNewsItem.swift in Sources */,
				7924B03B1DEB211F00D43894 /* DetailTimeViewController.swift in Sources */,
				D646012E1E5915A70034323F /* NewsDetailViewController.swift in Sources */,
				794F668B1D96D5BA00C1D9B6 /* TableViewController.swift in Sources */,
				794F66871D96B8C900C1D9B6 /* GetValuesBase.swift in Sources */,
				794F668D1D96D8BA00C1D9B6 /* CustomTableCell.swift in Sources */,
				79C447D51EC62A13007DF16F /* CommonNewsItem.swift in Sources */,
				79F1FB391DC99400007B7386 /* PreferenceController.swift in Sources */,
				79F93EA11EC0C525009247AE /* TimeTableView1.swift in Sources */,
				79B9DD921DC62600009153B6 /* TimeTableItem.swift in Sources */,
				79838BBA1DC8A8C9005C51BE /* CustomTimeTableCellWed.swift in Sources */,
				794F66891D96BB8B00C1D9B6 /* AttendanceRateItem.swift in Sources */,
				79B5856E1EBCE03C005B4E1A /* TimeTable.swift in Sources */,
				794F66781D96B7C300C1D9B6 /* EccStudentCom.xcdatamodeld in Sources */,
				798C07901DCE138200929F17 /* CALayer+RuntimeAttribute.swift in Sources */,
				79B585741EBDCE74005B4E1A /* NewsCourse.swift in Sources */,
				79BB5B6A1ECC980D002CC9CE /* ScheduleAccessor.swift in Sources */,
				79F5737B1DCCDFCC00E62898 /* BaseTabViewController.swift in Sources */,
				79C447CD1EC3187F007DF16F /* AccessorBase.swift in Sources */,
				7951A6581DD2FA560075ACC8 /* RequestBody.swift in Sources */,
				79F1FB3F1DCA3B14007B7386 /* LisenceViewController.swift in Sources */,
				79043BC61DCB692B00A7B131 /* LoginViewController.swift in Sources */,
				794F66701D96B7C300C1D9B6 /* AppDelegate.swift in Sources */,
			);
			runOnlyForDeploymentPostprocessing = 0;
		};
/* End PBXSourcesBuildPhase section */

/* Begin PBXVariantGroup section */
		794F66731D96B7C300C1D9B6 /* Main.storyboard */ = {
			isa = PBXVariantGroup;
			children = (
				794F66741D96B7C300C1D9B6 /* Base */,
				79CA52901E32140700118AB5 /* ja */,
			);
			name = Main.storyboard;
			sourceTree = "<group>";
		};
		794F667B1D96B7C300C1D9B6 /* LaunchScreen.storyboard */ = {
			isa = PBXVariantGroup;
			children = (
				794F667C1D96B7C300C1D9B6 /* Base */,
				79CA52911E32140700118AB5 /* ja */,
			);
			name = LaunchScreen.storyboard;
			sourceTree = "<group>";
		};
/* End PBXVariantGroup section */

/* Begin XCBuildConfiguration section */
		794F667F1D96B7C300C1D9B6 /* Debug */ = {
			isa = XCBuildConfiguration;
			buildSettings = {
				ALWAYS_SEARCH_USER_PATHS = NO;
				CLANG_ANALYZER_LOCALIZABILITY_NONLOCALIZED = YES;
				CLANG_ANALYZER_NONNULL = YES;
				CLANG_CXX_LANGUAGE_STANDARD = "gnu++0x";
				CLANG_CXX_LIBRARY = "libc++";
				CLANG_ENABLE_MODULES = YES;
				CLANG_ENABLE_OBJC_ARC = YES;
				CLANG_WARN_BOOL_CONVERSION = YES;
				CLANG_WARN_CONSTANT_CONVERSION = YES;
				CLANG_WARN_DIRECT_OBJC_ISA_USAGE = YES_ERROR;
				CLANG_WARN_EMPTY_BODY = YES;
				CLANG_WARN_ENUM_CONVERSION = YES;
				CLANG_WARN_INFINITE_RECURSION = YES;
				CLANG_WARN_INT_CONVERSION = YES;
				CLANG_WARN_OBJC_ROOT_CLASS = YES_ERROR;
				CLANG_WARN_SUSPICIOUS_MOVE = YES;
				CLANG_WARN_UNREACHABLE_CODE = YES;
				CLANG_WARN__DUPLICATE_METHOD_MATCH = YES;
				CODE_SIGN_IDENTITY = "iPhone Developer";
				"CODE_SIGN_IDENTITY[sdk=iphoneos*]" = "iPhone Developer";
				COPY_PHASE_STRIP = NO;
				DEBUG_INFORMATION_FORMAT = dwarf;
				ENABLE_STRICT_OBJC_MSGSEND = YES;
				ENABLE_TESTABILITY = YES;
				GCC_C_LANGUAGE_STANDARD = gnu99;
				GCC_DYNAMIC_NO_PIC = NO;
				GCC_NO_COMMON_BLOCKS = YES;
				GCC_OPTIMIZATION_LEVEL = 0;
				GCC_PREPROCESSOR_DEFINITIONS = (
					"DEBUG=1",
					"$(inherited)",
				);
				GCC_WARN_64_TO_32_BIT_CONVERSION = YES;
				GCC_WARN_ABOUT_RETURN_TYPE = YES_ERROR;
				GCC_WARN_UNDECLARED_SELECTOR = YES;
				GCC_WARN_UNINITIALIZED_AUTOS = YES_AGGRESSIVE;
				GCC_WARN_UNUSED_FUNCTION = YES;
				GCC_WARN_UNUSED_VARIABLE = YES;
				IPHONEOS_DEPLOYMENT_TARGET = 9.0;
				MTL_ENABLE_DEBUG_INFO = YES;
				ONLY_ACTIVE_ARCH = YES;
				SDKROOT = iphoneos;
				SWIFT_OPTIMIZATION_LEVEL = "-Onone";
			};
			name = Debug;
		};
		794F66801D96B7C300C1D9B6 /* Release */ = {
			isa = XCBuildConfiguration;
			buildSettings = {
				ALWAYS_SEARCH_USER_PATHS = NO;
				CLANG_ANALYZER_LOCALIZABILITY_NONLOCALIZED = YES;
				CLANG_ANALYZER_NONNULL = YES;
				CLANG_CXX_LANGUAGE_STANDARD = "gnu++0x";
				CLANG_CXX_LIBRARY = "libc++";
				CLANG_ENABLE_MODULES = YES;
				CLANG_ENABLE_OBJC_ARC = YES;
				CLANG_WARN_BOOL_CONVERSION = YES;
				CLANG_WARN_CONSTANT_CONVERSION = YES;
				CLANG_WARN_DIRECT_OBJC_ISA_USAGE = YES_ERROR;
				CLANG_WARN_EMPTY_BODY = YES;
				CLANG_WARN_ENUM_CONVERSION = YES;
				CLANG_WARN_INFINITE_RECURSION = YES;
				CLANG_WARN_INT_CONVERSION = YES;
				CLANG_WARN_OBJC_ROOT_CLASS = YES_ERROR;
				CLANG_WARN_SUSPICIOUS_MOVE = YES;
				CLANG_WARN_UNREACHABLE_CODE = YES;
				CLANG_WARN__DUPLICATE_METHOD_MATCH = YES;
				CODE_SIGN_IDENTITY = "iPhone Developer";
				"CODE_SIGN_IDENTITY[sdk=iphoneos*]" = "iPhone Developer";
				COPY_PHASE_STRIP = NO;
				DEBUG_INFORMATION_FORMAT = "dwarf-with-dsym";
				ENABLE_NS_ASSERTIONS = NO;
				ENABLE_STRICT_OBJC_MSGSEND = YES;
				GCC_C_LANGUAGE_STANDARD = gnu99;
				GCC_NO_COMMON_BLOCKS = YES;
				GCC_WARN_64_TO_32_BIT_CONVERSION = YES;
				GCC_WARN_ABOUT_RETURN_TYPE = YES_ERROR;
				GCC_WARN_UNDECLARED_SELECTOR = YES;
				GCC_WARN_UNINITIALIZED_AUTOS = YES_AGGRESSIVE;
				GCC_WARN_UNUSED_FUNCTION = YES;
				GCC_WARN_UNUSED_VARIABLE = YES;
				IPHONEOS_DEPLOYMENT_TARGET = 9.0;
				MTL_ENABLE_DEBUG_INFO = NO;
				SDKROOT = iphoneos;
				SWIFT_OPTIMIZATION_LEVEL = "-Owholemodule";
				VALIDATE_PRODUCT = YES;
			};
			name = Release;
		};
		794F66821D96B7C300C1D9B6 /* Debug */ = {
			isa = XCBuildConfiguration;
			baseConfigurationReference = 610DE5722B297A8BAF78A60F /* Pods-EccStudentCom.debug.xcconfig */;
			buildSettings = {
				ALWAYS_EMBED_SWIFT_STANDARD_LIBRARIES = YES;
				ASSETCATALOG_COMPILER_APPICON_NAME = AppIcon;
				CLANG_ENABLE_MODULES = YES;
				CODE_SIGN_IDENTITY = "iPhone Developer";
				"CODE_SIGN_IDENTITY[sdk=iphoneos*]" = "iPhone Developer";
				DEVELOPMENT_TEAM = 3L9NAZMKF3;
				INFOPLIST_FILE = EccStudentCom/Info.plist;
				IPHONEOS_DEPLOYMENT_TARGET = 9.0;
				LD_RUNPATH_SEARCH_PATHS = "$(inherited) @executable_path/Frameworks";
				PRODUCT_BUNDLE_IDENTIFIER = jp.yuta.kohashi.ecccom;
				PRODUCT_NAME = "$(TARGET_NAME)";
				PROVISIONING_PROFILE = "";
				SWIFT_OBJC_BRIDGING_HEADER = "EccStudentCom-Bridging-Header.h";
				SWIFT_OPTIMIZATION_LEVEL = "-Onone";
				SWIFT_VERSION = 3.0;
				TARGETED_DEVICE_FAMILY = "1,2";
			};
			name = Debug;
		};
		794F66831D96B7C300C1D9B6 /* Release */ = {
			isa = XCBuildConfiguration;
			baseConfigurationReference = 2A3CB32D41BD487A1C83DE20 /* Pods-EccStudentCom.release.xcconfig */;
			buildSettings = {
				ALWAYS_EMBED_SWIFT_STANDARD_LIBRARIES = YES;
				ASSETCATALOG_COMPILER_APPICON_NAME = AppIcon;
				CLANG_ENABLE_MODULES = YES;
				CODE_SIGN_IDENTITY = "iPhone Developer";
				"CODE_SIGN_IDENTITY[sdk=iphoneos*]" = "iPhone Developer";
				DEVELOPMENT_TEAM = 3L9NAZMKF3;
				INFOPLIST_FILE = EccStudentCom/Info.plist;
				IPHONEOS_DEPLOYMENT_TARGET = 9.0;
				LD_RUNPATH_SEARCH_PATHS = "$(inherited) @executable_path/Frameworks";
				PRODUCT_BUNDLE_IDENTIFIER = jp.yuta.kohashi.ecccom;
				PRODUCT_NAME = "$(TARGET_NAME)";
				PROVISIONING_PROFILE = "";
				SWIFT_OBJC_BRIDGING_HEADER = "EccStudentCom-Bridging-Header.h";
				SWIFT_OPTIMIZATION_LEVEL = "-Owholemodule";
				SWIFT_VERSION = 3.0;
				TARGETED_DEVICE_FAMILY = "1,2";
			};
			name = Release;
		};
/* End XCBuildConfiguration section */

/* Begin XCConfigurationList section */
		794F66671D96B7C300C1D9B6 /* Build configuration list for PBXProject "EccStudentCom" */ = {
			isa = XCConfigurationList;
			buildConfigurations = (
				794F667F1D96B7C300C1D9B6 /* Debug */,
				794F66801D96B7C300C1D9B6 /* Release */,
			);
			defaultConfigurationIsVisible = 0;
			defaultConfigurationName = Release;
		};
		794F66811D96B7C300C1D9B6 /* Build configuration list for PBXNativeTarget "EccStudentCom" */ = {
			isa = XCConfigurationList;
			buildConfigurations = (
				794F66821D96B7C300C1D9B6 /* Debug */,
				794F66831D96B7C300C1D9B6 /* Release */,
			);
			defaultConfigurationIsVisible = 0;
			defaultConfigurationName = Release;
		};
/* End XCConfigurationList section */

/* Begin XCVersionGroup section */
		794F66761D96B7C300C1D9B6 /* EccStudentCom.xcdatamodeld */ = {
			isa = XCVersionGroup;
			children = (
				794F66771D96B7C300C1D9B6 /* EccStudentCom.xcdatamodel */,
			);
			currentVersion = 794F66771D96B7C300C1D9B6 /* EccStudentCom.xcdatamodel */;
			path = EccStudentCom.xcdatamodeld;
			sourceTree = "<group>";
			versionGroupType = wrapper.xcdatamodel;
		};
/* End XCVersionGroup section */
	};
	rootObject = 794F66641D96B7C300C1D9B6 /* Project object */;
}
